<?xml version="1.0" encoding="utf-8"?>
<Project ToolsVersion="4.0" xmlns="http://schemas.microsoft.com/developer/msbuild/2003">
  <ItemGroup>
    <Filter Include="Source Files">
      <UniqueIdentifier>{4FC737F1-C7A5-4376-A066-2A32D752A2FF}</UniqueIdentifier>
      <Extensions>cpp;c;cc;cxx;def;odl;idl;hpj;bat;asm;asmx</Extensions>
    </Filter>
    <Filter Include="Header Files">
      <UniqueIdentifier>{93995380-89BD-4b04-88EB-625FBE52EBFB}</UniqueIdentifier>
      <Extensions>h;hh;hpp;hxx;hm;inl;inc;xsd</Extensions>
    </Filter>
    <Filter Include="Resource Files">
      <UniqueIdentifier>{67DA6AB6-F800-4c08-8B7A-83BB121AAD01}</UniqueIdentifier>
      <Extensions>rc;ico;cur;bmp;dlg;rc2;rct;bin;rgs;gif;jpg;jpeg;jpe;resx;tiff;tif;png;wav;mfcribbon-ms</Extensions>
    </Filter>
    <Filter Include="AlgorithmCode">
      <UniqueIdentifier>{fc46a93e-df8a-4db1-98f3-f85ab5285cb1}</UniqueIdentifier>
    </Filter>
    <Filter Include="AlgorithmCode\NumberRemoveCode">
      <UniqueIdentifier>{f2e967c9-b11e-4d0b-8017-16408efe06fe}</UniqueIdentifier>
    </Filter>
    <Filter Include="AlgorithmCode\Header Files">
      <UniqueIdentifier>{861f6eeb-645a-4b96-b822-26794c2c72cd}</UniqueIdentifier>
    </Filter>
  </ItemGroup>
  <ItemGroup>
    <Text Include="ReadMe.txt" />
  </ItemGroup>
  <ItemGroup>
    <ClInclude Include="CarScratchDetectorDlg.h">
      <Filter>Header Files</Filter>
    </ClInclude>
    <ClInclude Include="targetver.h">
      <Filter>Header Files</Filter>
    </ClInclude>
    <ClInclude Include="Resource.h">
      <Filter>Header Files</Filter>
    </ClInclude>
    <ClInclude Include="UtilityCode\Timer.h">
      <Filter>Header Files</Filter>
    </ClInclude>
    <ClInclude Include="stdafx.h">
      <Filter>Header Files</Filter>
    </ClInclude>
    <ClInclude Include="CarScratchDetector.h">
      <Filter>Header Files</Filter>
    </ClInclude>
    <ClInclude Include="AlgorithmCode\AlgorithmCollection.h">
      <Filter>AlgorithmCode\Header Files</Filter>
    </ClInclude>
    <ClInclude Include="CarNumberRemoveCode\ConnectedComponent.h">
      <Filter>AlgorithmCode\NumberRemoveCode</Filter>
    </ClInclude>
    <ClInclude Include="CarNumberRemoveCode\LPdetection.h">
      <Filter>AlgorithmCode\NumberRemoveCode</Filter>
    </ClInclude>
    <ClInclude Include="AlgorithmCode\MeanShiftCluster.h">
      <Filter>AlgorithmCode\Header Files</Filter>
    </ClInclude>
    <ClInclude Include="DBSCAN.h">
      <Filter>AlgorithmCode\Header Files</Filter>
    </ClInclude>
    <ClInclude Include="ClusterForDBSCAN.h">
      <Filter>Header Files</Filter>
    </ClInclude>
    <ClInclude Include="FeatureDialog.h">
      <Filter>Header Files</Filter>
    </ClInclude>
    <ClInclude Include="RankingDialog.h">
      <Filter>Header Files</Filter>
    </ClInclude>
    <ClInclude Include="TrainingDialog.h">
      <Filter>Header Files</Filter>
    </ClInclude>
  </ItemGroup>
  <ItemGroup>
    <ClCompile Include="CarScratchDetector.cpp">
      <Filter>Source Files</Filter>
    </ClCompile>
    <ClCompile Include="CarScratchDetectorDlg.cpp">
      <Filter>Source Files</Filter>
    </ClCompile>
    <ClCompile Include="UtilityCode\Timer.cpp">
      <Filter>Source Files</Filter>
    </ClCompile>
    <ClCompile Include="stdafx.cpp">
      <Filter>Source Files</Filter>
    </ClCompile>
    <ClCompile Include="AlgorithmCode\AlgorithmCollection.cpp">
      <Filter>AlgorithmCode</Filter>
    </ClCompile>
    <ClCompile Include="CarNumberRemoveCode\ConnectedComponent.cpp">
      <Filter>AlgorithmCode\NumberRemoveCode</Filter>
    </ClCompile>
    <ClCompile Include="CarNumberRemoveCode\LPdetection.cpp">
      <Filter>AlgorithmCode\NumberRemoveCode</Filter>
    </ClCompile>
    <ClCompile Include="AlgorithmCode\MeanShiftCluster.cpp">
      <Filter>AlgorithmCode</Filter>
    </ClCompile>
    <ClCompile Include="DBSCAN.cpp">
      <Filter>AlgorithmCode</Filter>
    </ClCompile>
    <ClCompile Include="ClusterForDBSCAN.cpp">
      <Filter>AlgorithmCode</Filter>
    </ClCompile>
    <ClCompile Include="FeatureDialog.cpp">
      <Filter>Source Files</Filter>
    </ClCompile>
    <ClCompile Include="RankingDialog.cpp">
      <Filter>Source Files</Filter>
    </ClCompile>
    <ClCompile Include="TrainingDialog.cpp">
      <Filter>Source Files</Filter>
    </ClCompile>
  </ItemGroup>
  <ItemGroup>
    <ResourceCompile Include="CarScratchDetector.rc">
      <Filter>Resource Files</Filter>
    </ResourceCompile>
  </ItemGroup>
  <ItemGroup>
    <None Include="res\CarScratchDetector.rc2">
      <Filter>Resource Files</Filter>
    </None>
    <None Include="resource.hm">
      <Filter>Header Files</Filter>
    </None>
  </ItemGroup>
  <ItemGroup>
    <Image Include="res\CarScratchDetector.ico">
      <Filter>Resource Files</Filter>
    </Image>
  </ItemGroup>
</Project>